{
    "_meta": {
        "hash": {
            "sha256": "5b97cdcfa12d8614421b00721b48e23cfcfed8dd7ff093d2252b084b53566f4d"
        },
        "pipfile-spec": 6,
        "requires": {},
        "sources": [
            {
                "name": "pypi",
                "url": "https://pypi.org/simple",
                "verify_ssl": true
            }
        ]
    },
    "default": {
        "lxml": {
            "file": "https://download.lfd.uci.edu/pythonlibs/archived/lxml-4.9.0-cp311-cp311-win_amd64.whl",
            "hashes": [
                "sha256:99ebe7a80815d3ac941278f5ba21e729c624e65f4b75b050cbaaa2b6177c4427"
            ],
            "index": "pypi",
            "markers": "sys_platform == 'win32'",
            "version": "==4.9.0"
        },
        "markdown": {
            "hashes": [
                "sha256:08fb8465cffd03d10b9dd34a5c3fea908e20391a2a90b88d66362cb05beed186",
                "sha256:3b809086bb6efad416156e00a0da66fe47618a5d6918dd688f53f40c8e4cfeff"
            ],
            "index": "pypi",
            "version": "==3.4.1"
        }
    },
    "develop": {}
}
